// !$*UTF8*$!
{
	archiveVersion = 1;
	classes = {
	};
	objectVersion = 48;
	objects = {

/* Begin PBXBuildFile section */
		09E884832047CB7400D5625D /* AppDelegate.m in Sources */ = {isa = PBXBuildFile; fileRef = 09E884822047CB7400D5625D /* AppDelegate.m */; };
		09E884862047CB7400D5625D /* ViewController.m in Sources */ = {isa = PBXBuildFile; fileRef = 09E884852047CB7400D5625D /* ViewController.m */; };
		09E884892047CB7400D5625D /* Main.storyboard in Resources */ = {isa = PBXBuildFile; fileRef = 09E884872047CB7400D5625D /* Main.storyboard */; };
		09E8848B2047CB7400D5625D /* Assets.xcassets in Resources */ = {isa = PBXBuildFile; fileRef = 09E8848A2047CB7400D5625D /* Assets.xcassets */; };
		09E8848E2047CB7400D5625D /* LaunchScreen.storyboard in Resources */ = {isa = PBXBuildFile; fileRef = 09E8848C2047CB7400D5625D /* LaunchScreen.storyboard */; };
		09E884912047CB7400D5625D /* main.m in Sources */ = {isa = PBXBuildFile; fileRef = 09E884902047CB7400D5625D /* main.m */; };
		09E8849B2047CB7500D5625D /* JJRouterDemoTests.m in Sources */ = {isa = PBXBuildFile; fileRef = 09E8849A2047CB7500D5625D /* JJRouterDemoTests.m */; };
		09E884A62047CB7500D5625D /* JJRouterDemoUITests.m in Sources */ = {isa = PBXBuildFile; fileRef = 09E884A52047CB7500D5625D /* JJRouterDemoUITests.m */; };
		09E884CE2047DE9800D5625D /* SecondViewController.m in Sources */ = {isa = PBXBuildFile; fileRef = 09E884CD2047DE9800D5625D /* SecondViewController.m */; };
		09E884D42047EE2E00D5625D /* ErrorViewController.m in Sources */ = {isa = PBXBuildFile; fileRef = 09E884D32047EE2E00D5625D /* ErrorViewController.m */; };
		09E884D82047FDBB00D5625D /* JJRouter.m in Sources */ = {isa = PBXBuildFile; fileRef = 09E884D62047FDBB00D5625D /* JJRouter.m */; };
		09E884DB2047FF0300D5625D /* ThirdViewController.m in Sources */ = {isa = PBXBuildFile; fileRef = 09E884DA2047FF0300D5625D /* ThirdViewController.m */; };
/* End PBXBuildFile section */

/* Begin PBXContainerItemProxy section */
		09E884972047CB7500D5625D /* PBXContainerItemProxy */ = {
			isa = PBXContainerItemProxy;
			containerPortal = 09E884762047CB7400D5625D /* Project object */;
			proxyType = 1;
			remoteGlobalIDString = 09E8847D2047CB7400D5625D;
			remoteInfo = JJRouterDemo;
		};
		09E884A22047CB7500D5625D /* PBXContainerItemProxy */ = {
			isa = PBXContainerItemProxy;
			containerPortal = 09E884762047CB7400D5625D /* Project object */;
			proxyType = 1;
			remoteGlobalIDString = 09E8847D2047CB7400D5625D;
			remoteInfo = JJRouterDemo;
		};
/* End PBXContainerItemProxy section */

/* Begin PBXFileReference section */
		09E8847E2047CB7400D5625D /* JJRouterDemo.app */ = {isa = PBXFileReference; explicitFileType = wrapper.application; includeInIndex = 0; path = JJRouterDemo.app; sourceTree = BUILT_PRODUCTS_DIR; };
		09E884812047CB7400D5625D /* AppDelegate.h */ = {isa = PBXFileReference; lastKnownFileType = sourcecode.c.h; path = AppDelegate.h; sourceTree = "<group>"; };
		09E884822047CB7400D5625D /* AppDelegate.m */ = {isa = PBXFileReference; lastKnownFileType = sourcecode.c.objc; path = AppDelegate.m; sourceTree = "<group>"; };
		09E884842047CB7400D5625D /* ViewController.h */ = {isa = PBXFileReference; lastKnownFileType = sourcecode.c.h; path = ViewController.h; sourceTree = "<group>"; };
		09E884852047CB7400D5625D /* ViewController.m */ = {isa = PBXFileReference; lastKnownFileType = sourcecode.c.objc; path = ViewController.m; sourceTree = "<group>"; };
		09E884882047CB7400D5625D /* Base */ = {isa = PBXFileReference; lastKnownFileType = file.storyboard; name = Base; path = Base.lproj/Main.storyboard; sourceTree = "<group>"; };
		09E8848A2047CB7400D5625D /* Assets.xcassets */ = {isa = PBXFileReference; lastKnownFileType = folder.assetcatalog; path = Assets.xcassets; sourceTree = "<group>"; };
		09E8848D2047CB7400D5625D /* Base */ = {isa = PBXFileReference; lastKnownFileType = file.storyboard; name = Base; path = Base.lproj/LaunchScreen.storyboard; sourceTree = "<group>"; };
		09E8848F2047CB7400D5625D /* Info.plist */ = {isa = PBXFileReference; lastKnownFileType = text.plist.xml; path = Info.plist; sourceTree = "<group>"; };
		09E884902047CB7400D5625D /* main.m */ = {isa = PBXFileReference; lastKnownFileType = sourcecode.c.objc; path = main.m; sourceTree = "<group>"; };
		09E884962047CB7500D5625D /* JJRouterDemoTests.xctest */ = {isa = PBXFileReference; explicitFileType = wrapper.cfbundle; includeInIndex = 0; path = JJRouterDemoTests.xctest; sourceTree = BUILT_PRODUCTS_DIR; };
		09E8849A2047CB7500D5625D /* JJRouterDemoTests.m */ = {isa = PBXFileReference; lastKnownFileType = sourcecode.c.objc; path = JJRouterDemoTests.m; sourceTree = "<group>"; };
		09E8849C2047CB7500D5625D /* Info.plist */ = {isa = PBXFileReference; lastKnownFileType = text.plist.xml; path = Info.plist; sourceTree = "<group>"; };
		09E884A12047CB7500D5625D /* JJRouterDemoUITests.xctest */ = {isa = PBXFileReference; explicitFileType = wrapper.cfbundle; includeInIndex = 0; path = JJRouterDemoUITests.xctest; sourceTree = BUILT_PRODUCTS_DIR; };
		09E884A52047CB7500D5625D /* JJRouterDemoUITests.m */ = {isa = PBXFileReference; lastKnownFileType = sourcecode.c.objc; path = JJRouterDemoUITests.m; sourceTree = "<group>"; };
		09E884A72047CB7500D5625D /* Info.plist */ = {isa = PBXFileReference; lastKnownFileType = text.plist.xml; path = Info.plist; sourceTree = "<group>"; };
		09E884CC2047DE9800D5625D /* SecondViewController.h */ = {isa = PBXFileReference; lastKnownFileType = sourcecode.c.h; path = SecondViewController.h; sourceTree = "<group>"; };
		09E884CD2047DE9800D5625D /* SecondViewController.m */ = {isa = PBXFileReference; lastKnownFileType = sourcecode.c.objc; path = SecondViewController.m; sourceTree = "<group>"; };
		09E884D22047EE2E00D5625D /* ErrorViewController.h */ = {isa = PBXFileReference; lastKnownFileType = sourcecode.c.h; path = ErrorViewController.h; sourceTree = "<group>"; };
		09E884D32047EE2E00D5625D /* ErrorViewController.m */ = {isa = PBXFileReference; lastKnownFileType = sourcecode.c.objc; path = ErrorViewController.m; sourceTree = "<group>"; };
		09E884D62047FDBB00D5625D /* JJRouter.m */ = {isa = PBXFileReference; fileEncoding = 4; lastKnownFileType = sourcecode.c.objc; path = JJRouter.m; sourceTree = "<group>"; };
		09E884D72047FDBB00D5625D /* JJRouter.h */ = {isa = PBXFileReference; fileEncoding = 4; lastKnownFileType = sourcecode.c.h; path = JJRouter.h; sourceTree = "<group>"; };
		09E884D92047FF0300D5625D /* ThirdViewController.h */ = {isa = PBXFileReference; lastKnownFileType = sourcecode.c.h; path = ThirdViewController.h; sourceTree = "<group>"; };
		09E884DA2047FF0300D5625D /* ThirdViewController.m */ = {isa = PBXFileReference; lastKnownFileType = sourcecode.c.objc; path = ThirdViewController.m; sourceTree = "<group>"; };
/* End PBXFileReference section */

/* Begin PBXFrameworksBuildPhase section */
		09E8847B2047CB7400D5625D /* Frameworks */ = {
			isa = PBXFrameworksBuildPhase;
			buildActionMask = 2147483647;
			files = (
			);
			runOnlyForDeploymentPostprocessing = 0;
		};
		09E884932047CB7500D5625D /* Frameworks */ = {
			isa = PBXFrameworksBuildPhase;
			buildActionMask = 2147483647;
			files = (
			);
			runOnlyForDeploymentPostprocessing = 0;
		};
		09E8849E2047CB7500D5625D /* Frameworks */ = {
			isa = PBXFrameworksBuildPhase;
			buildActionMask = 2147483647;
			files = (
			);
			runOnlyForDeploymentPostprocessing = 0;
		};
/* End PBXFrameworksBuildPhase section */

/* Begin PBXGroup section */
		09E884752047CB7400D5625D = {
			isa = PBXGroup;
			children = (
				09E884802047CB7400D5625D /* JJRouterDemo */,
				09E884992047CB7500D5625D /* JJRouterDemoTests */,
				09E884A42047CB7500D5625D /* JJRouterDemoUITests */,
				09E8847F2047CB7400D5625D /* Products */,
			);
			sourceTree = "<group>";
		};
		09E8847F2047CB7400D5625D /* Products */ = {
			isa = PBXGroup;
			children = (
				09E8847E2047CB7400D5625D /* JJRouterDemo.app */,
				09E884962047CB7500D5625D /* JJRouterDemoTests.xctest */,
				09E884A12047CB7500D5625D /* JJRouterDemoUITests.xctest */,
			);
			name = Products;
			sourceTree = "<group>";
		};
		09E884802047CB7400D5625D /* JJRouterDemo */ = {
			isa = PBXGroup;
			children = (
				09E884D52047FDBB00D5625D /* JJRouter */,
				09E884812047CB7400D5625D /* AppDelegate.h */,
				09E884822047CB7400D5625D /* AppDelegate.m */,
				09E884842047CB7400D5625D /* ViewController.h */,
				09E884852047CB7400D5625D /* ViewController.m */,
				09E884CC2047DE9800D5625D /* SecondViewController.h */,
				09E884CD2047DE9800D5625D /* SecondViewController.m */,
				09E884D92047FF0300D5625D /* ThirdViewController.h */,
				09E884DA2047FF0300D5625D /* ThirdViewController.m */,
				09E884D22047EE2E00D5625D /* ErrorViewController.h */,
				09E884D32047EE2E00D5625D /* ErrorViewController.m */,
				09E884872047CB7400D5625D /* Main.storyboard */,
				09E8848A2047CB7400D5625D /* Assets.xcassets */,
				09E8848C2047CB7400D5625D /* LaunchScreen.storyboard */,
				09E8848F2047CB7400D5625D /* Info.plist */,
				09E884902047CB7400D5625D /* main.m */,
			);
			path = JJRouterDemo;
			sourceTree = "<group>";
		};
		09E884992047CB7500D5625D /* JJRouterDemoTests */ = {
			isa = PBXGroup;
			children = (
				09E8849A2047CB7500D5625D /* JJRouterDemoTests.m */,
				09E8849C2047CB7500D5625D /* Info.plist */,
			);
			path = JJRouterDemoTests;
			sourceTree = "<group>";
		};
		09E884A42047CB7500D5625D /* JJRouterDemoUITests */ = {
			isa = PBXGroup;
			children = (
				09E884A52047CB7500D5625D /* JJRouterDemoUITests.m */,
				09E884A72047CB7500D5625D /* Info.plist */,
			);
			path = JJRouterDemoUITests;
			sourceTree = "<group>";
		};
		09E884D52047FDBB00D5625D /* JJRouter */ = {
			isa = PBXGroup;
			children = (
				09E884D72047FDBB00D5625D /* JJRouter.h */,
				09E884D62047FDBB00D5625D /* JJRouter.m */,
			);
			name = JJRouter;
			path = ../../JJRouter;
			sourceTree = "<group>";
		};
/* End PBXGroup section */

/* Begin PBXNativeTarget section */
		09E8847D2047CB7400D5625D /* JJRouterDemo */ = {
			isa = PBXNativeTarget;
			buildConfigurationList = 09E884AA2047CB7500D5625D /* Build configuration list for PBXNativeTarget "JJRouterDemo" */;
			buildPhases = (
				09E8847A2047CB7400D5625D /* Sources */,
				09E8847B2047CB7400D5625D /* Frameworks */,
				09E8847C2047CB7400D5625D /* Resources */,
			);
			buildRules = (
			);
			dependencies = (
			);
			name = JJRouterDemo;
			productName = JJRouterDemo;
			productReference = 09E8847E2047CB7400D5625D /* JJRouterDemo.app */;
			productType = "com.apple.product-type.application";
		};
		09E884952047CB7500D5625D /* JJRouterDemoTests */ = {
			isa = PBXNativeTarget;
			buildConfigurationList = 09E884AD2047CB7500D5625D /* Build configuration list for PBXNativeTarget "JJRouterDemoTests" */;
			buildPhases = (
				09E884922047CB7500D5625D /* Sources */,
				09E884932047CB7500D5625D /* Frameworks */,
				09E884942047CB7500D5625D /* Resources */,
			);
			buildRules = (
			);
			dependencies = (
				09E884982047CB7500D5625D /* PBXTargetDependency */,
			);
			name = JJRouterDemoTests;
			productName = JJRouterDemoTests;
			productReference = 09E884962047CB7500D5625D /* JJRouterDemoTests.xctest */;
			productType = "com.apple.product-type.bundle.unit-test";
		};
		09E884A02047CB7500D5625D /* JJRouterDemoUITests */ = {
			isa = PBXNativeTarget;
			buildConfigurationList = 09E884B02047CB7500D5625D /* Build configuration list for PBXNativeTarget "JJRouterDemoUITests" */;
			buildPhases = (
				09E8849D2047CB7500D5625D /* Sources */,
				09E8849E2047CB7500D5625D /* Frameworks */,
				09E8849F2047CB7500D5625D /* Resources */,
			);
			buildRules = (
			);
			dependencies = (
				09E884A32047CB7500D5625D /* PBXTargetDependency */,
			);
			name = JJRouterDemoUITests;
			productName = JJRouterDemoUITests;
			productReference = 09E884A12047CB7500D5625D /* JJRouterDemoUITests.xctest */;
			productType = "com.apple.product-type.bundle.ui-testing";
		};
/* End PBXNativeTarget section */

/* Begin PBXProject section */
		09E884762047CB7400D5625D /* Project object */ = {
			isa = PBXProject;
			attributes = {
				LastUpgradeCheck = 0920;
				ORGANIZATIONNAME = "房俊杰";
				TargetAttributes = {
					09E8847D2047CB7400D5625D = {
						CreatedOnToolsVersion = 9.2;
						ProvisioningStyle = Automatic;
					};
					09E884952047CB7500D5625D = {
						CreatedOnToolsVersion = 9.2;
						ProvisioningStyle = Automatic;
						TestTargetID = 09E8847D2047CB7400D5625D;
					};
					09E884A02047CB7500D5625D = {
						CreatedOnToolsVersion = 9.2;
						ProvisioningStyle = Automatic;
						TestTargetID = 09E8847D2047CB7400D5625D;
					};
				};
			};
			buildConfigurationList = 09E884792047CB7400D5625D /* Build configuration list for PBXProject "JJRouterDemo" */;
			compatibilityVersion = "Xcode 8.0";
			developmentRegion = en;
			hasScannedForEncodings = 0;
			knownRegions = (
				en,
				Base,
			);
			mainGroup = 09E884752047CB7400D5625D;
			productRefGroup = 09E8847F2047CB7400D5625D /* Products */;
			projectDirPath = "";
			projectRoot = "";
			targets = (
				09E8847D2047CB7400D5625D /* JJRouterDemo */,
				09E884952047CB7500D5625D /* JJRouterDemoTests */,
				09E884A02047CB7500D5625D /* JJRouterDemoUITests */,
			);
		};
/* End PBXProject section */

/* Begin PBXResourcesBuildPhase section */
		09E8847C2047CB7400D5625D /* Resources */ = {
			isa = PBXResourcesBuildPhase;
			buildActionMask = 2147483647;
			files = (
				09E8848E2047CB7400D5625D /* LaunchScreen.storyboard in Resources */,
				09E8848B2047CB7400D5625D /* Assets.xcassets in Resources */,
				09E884892047CB7400D5625D /* Main.storyboard in Resources */,
			);
			runOnlyForDeploymentPostprocessing = 0;
		};
		09E884942047CB7500D5625D /* Resources */ = {
			isa = PBXResourcesBuildPhase;
			buildActionMask = 2147483647;
			files = (
			);
			runOnlyForDeploymentPostprocessing = 0;
		};
		09E8849F2047CB7500D5625D /* Resources */ = {
			isa = PBXResourcesBuildPhase;
			buildActionMask = 2147483647;
			files = (
			);
			runOnlyForDeploymentPostprocessing = 0;
		};
/* End PBXResourcesBuildPhase section */

/* Begin PBXSourcesBuildPhase section */
		09E8847A2047CB7400D5625D /* Sources */ = {
			isa = PBXSourcesBuildPhase;
			buildActionMask = 2147483647;
			files = (
				09E884D82047FDBB00D5625D /* JJRouter.m in Sources */,
				09E884CE2047DE9800D5625D /* SecondViewController.m in Sources */,
				09E884862047CB7400D5625D /* ViewController.m in Sources */,
				09E884D42047EE2E00D5625D /* ErrorViewController.m in Sources */,
				09E884912047CB7400D5625D /* main.m in Sources */,
				09E884832047CB7400D5625D /* AppDelegate.m in Sources */,
				09E884DB2047FF0300D5625D /* ThirdViewController.m in Sources */,
			);
			runOnlyForDeploymentPostprocessing = 0;
		};
		09E884922047CB7500D5625D /* Sources */ = {
			isa = PBXSourcesBuildPhase;
			buildActionMask = 2147483647;
			files = (
				09E8849B2047CB7500D5625D /* JJRouterDemoTests.m in Sources */,
			);
			runOnlyForDeploymentPostprocessing = 0;
		};
		09E8849D2047CB7500D5625D /* Sources */ = {
			isa = PBXSourcesBuildPhase;
			buildActionMask = 2147483647;
			files = (
				09E884A62047CB7500D5625D /* JJRouterDemoUITests.m in Sources */,
			);
			runOnlyForDeploymentPostprocessing = 0;
		};
/* End PBXSourcesBuildPhase section */

/* Begin PBXTargetDependency section */
		09E884982047CB7500D5625D /* PBXTargetDependency */ = {
			isa = PBXTargetDependency;
			target = 09E8847D2047CB7400D5625D /* JJRouterDemo */;
			targetProxy = 09E884972047CB7500D5625D /* PBXContainerItemProxy */;
		};
		09E884A32047CB7500D5625D /* PBXTargetDependency */ = {
			isa = PBXTargetDependency;
			target = 09E8847D2047CB7400D5625D /* JJRouterDemo */;
			targetProxy = 09E884A22047CB7500D5625D /* PBXContainerItemProxy */;
		};
/* End PBXTargetDependency section */

/* Begin PBXVariantGroup section */
		09E884872047CB7400D5625D /* Main.storyboard */ = {
			isa = PBXVariantGroup;
			children = (
				09E884882047CB7400D5625D /* Base */,
			);
			name = Main.storyboard;
			sourceTree = "<group>";
		};
		09E8848C2047CB7400D5625D /* LaunchScreen.storyboard */ = {
			isa = PBXVariantGroup;
			children = (
				09E8848D2047CB7400D5625D /* Base */,
			);
			name = LaunchScreen.storyboard;
			sourceTree = "<group>";
		};
/* End PBXVariantGroup section */

/* Begin XCBuildConfiguration section */
		09E884A82047CB7500D5625D /* Debug */ = {
			isa = XCBuildConfiguration;
			buildSettings = {
				ALWAYS_SEARCH_USER_PATHS = NO;
				CLANG_ANALYZER_NONNULL = YES;
				CLANG_ANALYZER_NUMBER_OBJECT_CONVERSION = YES_AGGRESSIVE;
				CLANG_CXX_LANGUAGE_STANDARD = "gnu++14";
				CLANG_CXX_LIBRARY = "libc++";
				CLANG_ENABLE_MODULES = YES;
				CLANG_ENABLE_OBJC_ARC = YES;
				CLANG_WARN_BLOCK_CAPTURE_AUTORELEASING = YES;
				CLANG_WARN_BOOL_CONVERSION = YES;
				CLANG_WARN_COMMA = YES;
				CLANG_WARN_CONSTANT_CONVERSION = YES;
				CLANG_WARN_DIRECT_OBJC_ISA_USAGE = YES_ERROR;
				CLANG_WARN_DOCUMENTATION_COMMENTS = YES;
				CLANG_WARN_EMPTY_BODY = YES;
				CLANG_WARN_ENUM_CONVERSION = YES;
				CLANG_WARN_INFINITE_RECURSION = YES;
				CLANG_WARN_INT_CONVERSION = YES;
				CLANG_WARN_NON_LITERAL_NULL_CONVERSION = YES;
				CLANG_WARN_OBJC_LITERAL_CONVERSION = YES;
				CLANG_WARN_OBJC_ROOT_CLASS = YES_ERROR;
				CLANG_WARN_RANGE_LOOP_ANALYSIS = YES;
				CLANG_WARN_STRICT_PROTOTYPES = YES;
				CLANG_WARN_SUSPICIOUS_MOVE = YES;
				CLANG_WARN_UNGUARDED_AVAILABILITY = YES_AGGRESSIVE;
				CLANG_WARN_UNREACHABLE_CODE = YES;
				CLANG_WARN__DUPLICATE_METHOD_MATCH = YES;
				CODE_SIGN_IDENTITY = "iPhone Developer";
				COPY_PHASE_STRIP = NO;
				DEBUG_INFORMATION_FORMAT = dwarf;
				ENABLE_STRICT_OBJC_MSGSEND = YES;
				ENABLE_TESTABILITY = YES;
				GCC_C_LANGUAGE_STANDARD = gnu11;
				GCC_DYNAMIC_NO_PIC = NO;
				GCC_NO_COMMON_BLOCKS = YES;
				GCC_OPTIMIZATION_LEVEL = 0;
				GCC_PREPROCESSOR_DEFINITIONS = (
					"DEBUG=1",
					"$(inherited)",
				);
				GCC_WARN_64_TO_32_BIT_CONVERSION = YES;
				GCC_WARN_ABOUT_RETURN_TYPE = YES_ERROR;
				GCC_WARN_UNDECLARED_SELECTOR = YES;
				GCC_WARN_UNINITIALIZED_AUTOS = YES_AGGRESSIVE;
				GCC_WARN_UNUSED_FUNCTION = YES;
				GCC_WARN_UNUSED_VARIABLE = YES;
				IPHONEOS_DEPLOYMENT_TARGET = 11.2;
				MTL_ENABLE_DEBUG_INFO = YES;
				ONLY_ACTIVE_ARCH = YES;
				SDKROOT = iphoneos;
			};
			name = Debug;
		};
		09E884A92047CB7500D5625D /* Release */ = {
			isa = XCBuildConfiguration;
			buildSettings = {
				ALWAYS_SEARCH_USER_PATHS = NO;
				CLANG_ANALYZER_NONNULL = YES;
				CLANG_ANALYZER_NUMBER_OBJECT_CONVERSION = YES_AGGRESSIVE;
				CLANG_CXX_LANGUAGE_STANDARD = "gnu++14";
				CLANG_CXX_LIBRARY = "libc++";
				CLANG_ENABLE_MODULES = YES;
				CLANG_ENABLE_OBJC_ARC = YES;
				CLANG_WARN_BLOCK_CAPTURE_AUTORELEASING = YES;
				CLANG_WARN_BOOL_CONVERSION = YES;
				CLANG_WARN_COMMA = YES;
				CLANG_WARN_CONSTANT_CONVERSION = YES;
				CLANG_WARN_DIRECT_OBJC_ISA_USAGE = YES_ERROR;
				CLANG_WARN_DOCUMENTATION_COMMENTS = YES;
				CLANG_WARN_EMPTY_BODY = YES;
				CLANG_WARN_ENUM_CONVERSION = YES;
				CLANG_WARN_INFINITE_RECURSION = YES;
				CLANG_WARN_INT_CONVERSION = YES;
				CLANG_WARN_NON_LITERAL_NULL_CONVERSION = YES;
				CLANG_WARN_OBJC_LITERAL_CONVERSION = YES;
				CLANG_WARN_OBJC_ROOT_CLASS = YES_ERROR;
				CLANG_WARN_RANGE_LOOP_ANALYSIS = YES;
				CLANG_WARN_STRICT_PROTOTYPES = YES;
				CLANG_WARN_SUSPICIOUS_MOVE = YES;
				CLANG_WARN_UNGUARDED_AVAILABILITY = YES_AGGRESSIVE;
				CLANG_WARN_UNREACHABLE_CODE = YES;
				CLANG_WARN__DUPLICATE_METHOD_MATCH = YES;
				CODE_SIGN_IDENTITY = "iPhone Developer";
				COPY_PHASE_STRIP = NO;
				DEBUG_INFORMATION_FORMAT = "dwarf-with-dsym";
				ENABLE_NS_ASSERTIONS = NO;
				ENABLE_STRICT_OBJC_MSGSEND = YES;
				GCC_C_LANGUAGE_STANDARD = gnu11;
				GCC_NO_COMMON_BLOCKS = YES;
				GCC_WARN_64_TO_32_BIT_CONVERSION = YES;
				GCC_WARN_ABOUT_RETURN_TYPE = YES_ERROR;
				GCC_WARN_UNDECLARED_SELECTOR = YES;
				GCC_WARN_UNINITIALIZED_AUTOS = YES_AGGRESSIVE;
				GCC_WARN_UNUSED_FUNCTION = YES;
				GCC_WARN_UNUSED_VARIABLE = YES;
				IPHONEOS_DEPLOYMENT_TARGET = 11.2;
				MTL_ENABLE_DEBUG_INFO = NO;
				SDKROOT = iphoneos;
				VALIDATE_PRODUCT = YES;
			};
			name = Release;
		};
		09E884AB2047CB7500D5625D /* Debug */ = {
			isa = XCBuildConfiguration;
			buildSettings = {
				ASSETCATALOG_COMPILER_APPICON_NAME = AppIcon;
				CODE_SIGN_STYLE = Automatic;
				INFOPLIST_FILE = JJRouterDemo/Info.plist;
				LD_RUNPATH_SEARCH_PATHS = "$(inherited) @executable_path/Frameworks";
				PRODUCT_BUNDLE_IDENTIFIER = com.service.JJRouterDemo;
				PRODUCT_NAME = "$(TARGET_NAME)";
				TARGETED_DEVICE_FAMILY = "1,2";
			};
			name = Debug;
		};
		09E884AC2047CB7500D5625D /* Release */ = {
			isa = XCBuildConfiguration;
			buildSettings = {
				ASSETCATALOG_COMPILER_APPICON_NAME = AppIcon;
				CODE_SIGN_STYLE = Automatic;
				INFOPLIST_FILE = JJRouterDemo/Info.plist;
				LD_RUNPATH_SEARCH_PATHS = "$(inherited) @executable_path/Frameworks";
				PRODUCT_BUNDLE_IDENTIFIER = com.service.JJRouterDemo;
				PRODUCT_NAME = "$(TARGET_NAME)";
				TARGETED_DEVICE_FAMILY = "1,2";
			};
			name = Release;
		};
		09E884AE2047CB7500D5625D /* Debug */ = {
			isa = XCBuildConfiguration;
			buildSettings = {
				BUNDLE_LOADER = "$(TEST_HOST)";
				CODE_SIGN_STYLE = Automatic;
				INFOPLIST_FILE = JJRouterDemoTests/Info.plist;
				LD_RUNPATH_SEARCH_PATHS = "$(inherited) @executable_path/Frameworks @loader_path/Frameworks";
				PRODUCT_BUNDLE_IDENTIFIER = com.service.JJRouterDemoTests;
				PRODUCT_NAME = "$(TARGET_NAME)";
				TARGETED_DEVICE_FAMILY = "1,2";
				TEST_HOST = "$(BUILT_PRODUCTS_DIR)/JJRouterDemo.app/JJRouterDemo";
			};
			name = Debug;
		};
		09E884AF2047CB7500D5625D /* Release */ = {
			isa = XCBuildConfiguration;
			buildSettings = {
				BUNDLE_LOADER = "$(TEST_HOST)";
				CODE_SIGN_STYLE = Automatic;
				INFOPLIST_FILE = JJRouterDemoTests/Info.plist;
				LD_RUNPATH_SEARCH_PATHS = "$(inherited) @executable_path/Frameworks @loader_path/Frameworks";
				PRODUCT_BUNDLE_IDENTIFIER = com.service.JJRouterDemoTests;
				PRODUCT_NAME = "$(TARGET_NAME)";
				TARGETED_DEVICE_FAMILY = "1,2";
				TEST_HOST = "$(BUILT_PRODUCTS_DIR)/JJRouterDemo.app/JJRouterDemo";
			};
			name = Release;
		};
		09E884B12047CB7500D5625D /* Debug */ = {
			isa = XCBuildConfiguration;
			buildSettings = {
				CODE_SIGN_STYLE = Automatic;
				INFOPLIST_FILE = JJRouterDemoUITests/Info.plist;
				LD_RUNPATH_SEARCH_PATHS = "$(inherited) @executable_path/Frameworks @loader_path/Frameworks";
				PRODUCT_BUNDLE_IDENTIFIER = com.service.JJRouterDemoUITests;
				PRODUCT_NAME = "$(TARGET_NAME)";
				TARGETED_DEVICE_FAMILY = "1,2";
				TEST_TARGET_NAME = JJRouterDemo;
			};
			name = Debug;
		};
		09E884B22047CB7500D5625D /* Release */ = {
			isa = XCBuildConfiguration;
			buildSettings = {
				CODE_SIGN_STYLE = Automatic;
				INFOPLIST_FILE = JJRouterDemoUITests/Info.plist;
				LD_RUNPATH_SEARCH_PATHS = "$(inherited) @executable_path/Frameworks @loader_path/Frameworks";
				PRODUCT_BUNDLE_IDENTIFIER = com.service.JJRouterDemoUITests;
				PRODUCT_NAME = "$(TARGET_NAME)";
				TARGETED_DEVICE_FAMILY = "1,2";
				TEST_TARGET_NAME = JJRouterDemo;
			};
			name = Release;
		};
/* End XCBuildConfiguration section */

/* Begin XCConfigurationList section */
		09E884792047CB7400D5625D /* Build configuration list for PBXProject "JJRouterDemo" */ = {
			isa = XCConfigurationList;
			buildConfigurations = (
				09E884A82047CB7500D5625D /* Debug */,
				09E884A92047CB7500D5625D /* Release */,
			);
			defaultConfigurationIsVisible = 0;
			defaultConfigurationName = Release;
		};
		09E884AA2047CB7500D5625D /* Build configuration list for PBXNativeTarget "JJRouterDemo" */ = {
			isa = XCConfigurationList;
			buildConfigurations = (
				09E884AB2047CB7500D5625D /* Debug */,
				09E884AC2047CB7500D5625D /* Release */,
			);
			defaultConfigurationIsVisible = 0;
			defaultConfigurationName = Release;
		};
		09E884AD2047CB7500D5625D /* Build configuration list for PBXNativeTarget "JJRouterDemoTests" */ = {
			isa = XCConfigurationList;
			buildConfigurations = (
				09E884AE2047CB7500D5625D /* Debug */,
				09E884AF2047CB7500D5625D /* Release */,
			);
			defaultConfigurationIsVisible = 0;
			defaultConfigurationName = Release;
		};
		09E884B02047CB7500D5625D /* Build configuration list for PBXNativeTarget "JJRouterDemoUITests" */ = {
			isa = XCConfigurationList;
			buildConfigurations = (
				09E884B12047CB7500D5625D /* Debug */,
				09E884B22047CB7500D5625D /* Release */,
			);
			defaultConfigurationIsVisible = 0;
			defaultConfigurationName = Release;
		};
/* End XCConfigurationList section */
	};
	rootObject = 09E884762047CB7400D5625D /* Project object */;
}
